schema: '2.0'
stages:
  clean_data:
    cmd: python .\src\data\data_cleanser.py .\data\raw\GoodReads_100k_books.csv .\data\interim\GoodReads_books_clean.parquet
    deps:
    - path: .\data\raw\GoodReads_100k_books.csv
      md5: cbc104379fdcc733a04ee499298ce133
      size: 120165547
    - path: .\src\data\data_cleanser.py
      md5: 3dd61d3d5148461c33e608707d23a3bf
      size: 4207
    outs:
    - path: .\data\interim\GoodReads_books_clean.parquet
      md5: aec6159cc5bc38a2bcc5829d01d9bcac
      size: 31354265
